
Microsoft Visual Studio Solution File, Format Version 12.00
Project("{FAE04EC0-301F-11D3-BF4B-00C04F79EFBC}") = "example2-1", "example2-1\example2-1.csproj", "{68C2CBAB-25A0-478F-A3D5-A4A7213F1193}"
EndProject
Global
	GlobalSection(SolutionConfigurationPlatforms) = preSolution
		Debug|Any CPU = Debug|Any CPU
		Release|Any CPU = Release|Any CPU
	EndGlobalSection
	GlobalSection(ProjectConfigurationPlatforms) = postSolution
		{68C2CBAB-25A0-478F-A3D5-A4A7213F1193}.Debug|Any CPU.ActiveCfg = Debug|Any CPU
		{68C2CBAB-25A0-478F-A3D5-A4A7213F1193}.Debug|Any CPU.Build.0 = Debug|Any CPU
		{68C2CBAB-25A0-478F-A3D5-A4A7213F1193}.Release|Any CPU.ActiveCfg = Release|Any CPU
		{68C2CBAB-25A0-478F-A3D5-A4A7213F1193}.Release|Any CPU.Build.0 = Release|Any CPU
	EndGlobalSection
EndGlobal
