
Microsoft Visual Studio Solution File, Format Version 12.00
Project("{FAE04EC0-301F-11D3-BF4B-00C04F79EFBC}") = "example2-3", "example2-3\example2-3.csproj", "{9A710231-D3BC-4CE8-8B15-705E1D8BBCFE}"
EndProject
Global
	GlobalSection(SolutionConfigurationPlatforms) = preSolution
		Debug|Any CPU = Debug|Any CPU
		Release|Any CPU = Release|Any CPU
	EndGlobalSection
	GlobalSection(ProjectConfigurationPlatforms) = postSolution
		{9A710231-D3BC-4CE8-8B15-705E1D8BBCFE}.Debug|Any CPU.ActiveCfg = Debug|Any CPU
		{9A710231-D3BC-4CE8-8B15-705E1D8BBCFE}.Debug|Any CPU.Build.0 = Debug|Any CPU
		{9A710231-D3BC-4CE8-8B15-705E1D8BBCFE}.Release|Any CPU.ActiveCfg = Release|Any CPU
		{9A710231-D3BC-4CE8-8B15-705E1D8BBCFE}.Release|Any CPU.Build.0 = Release|Any CPU
	EndGlobalSection
EndGlobal
